// !$*UTF8*$!
{
	archiveVersion = 1;
	classes = {
	};
	objectVersion = 46;
	objects = {

/* Begin PBXBuildFile section */
		AB0DEDFC1950104F007D149C /* HomeWizard.xcdatamodeld in Sources */ = {isa = PBXBuildFile; fileRef = AB0DEDFA1950104F007D149C /* HomeWizard.xcdatamodeld */; };
		AB0DEE19195072B2007D149C /* Switch.swift in Sources */ = {isa = PBXBuildFile; fileRef = AB0DEE18195072B2007D149C /* Switch.swift */; };
		AB0DEE1B195074EC007D149C /* Base.swift in Sources */ = {isa = PBXBuildFile; fileRef = AB0DEE1A195074EC007D149C /* Base.swift */; };
		AB0DEE1F19507DCC007D149C /* Dimmer.swift in Sources */ = {isa = PBXBuildFile; fileRef = AB0DEE1E19507DCC007D149C /* Dimmer.swift */; };
		AB0DEE23195080D3007D149C /* Hue.swift in Sources */ = {isa = PBXBuildFile; fileRef = AB0DEE22195080D3007D149C /* Hue.swift */; };
		AB0DEE2519509F38007D149C /* Parser.swift in Sources */ = {isa = PBXBuildFile; fileRef = AB0DEE2419509F38007D149C /* Parser.swift */; };
		AB0DEE2E1950A22C007D149C /* Base.swift in Sources */ = {isa = PBXBuildFile; fileRef = AB0DEE271950A22C007D149C /* Base.swift */; };
		AB0DEE2F1950A22C007D149C /* Dimmer.swift in Sources */ = {isa = PBXBuildFile; fileRef = AB0DEE281950A22C007D149C /* Dimmer.swift */; };
		AB0DEE301950A22C007D149C /* HomeWizard.swift in Sources */ = {isa = PBXBuildFile; fileRef = AB0DEE2A1950A22C007D149C /* HomeWizard.swift */; };
		AB0DEE311950A22C007D149C /* Hue.swift in Sources */ = {isa = PBXBuildFile; fileRef = AB0DEE2B1950A22C007D149C /* Hue.swift */; };
		AB0DEE321950A22C007D149C /* Room.swift in Sources */ = {isa = PBXBuildFile; fileRef = AB0DEE2C1950A22C007D149C /* Room.swift */; };
		AB0DEE331950A22C007D149C /* Switch.swift in Sources */ = {isa = PBXBuildFile; fileRef = AB0DEE2D1950A22C007D149C /* Switch.swift */; };
		AB220031194F124F005FD23C /* Api.swift in Sources */ = {isa = PBXBuildFile; fileRef = AB220030194F124F005FD23C /* Api.swift */; };
		ABD0C671194F092A00DE91C3 /* AppDelegate.swift in Sources */ = {isa = PBXBuildFile; fileRef = ABD0C670194F092A00DE91C3 /* AppDelegate.swift */; };
		ABD0C676194F092A00DE91C3 /* Images.xcassets in Resources */ = {isa = PBXBuildFile; fileRef = ABD0C675194F092A00DE91C3 /* Images.xcassets */; };
		ABD0C682194F092A00DE91C3 /* HomeWizardTests.swift in Sources */ = {isa = PBXBuildFile; fileRef = ABD0C681194F092A00DE91C3 /* HomeWizardTests.swift */; };
		ABD0C690194F09D600DE91C3 /* SectionViewController.swift in Sources */ = {isa = PBXBuildFile; fileRef = ABD0C68F194F09D600DE91C3 /* SectionViewController.swift */; };
		E3B3BAD38EA4482B8D96B6C4 /* libPods.a in Frameworks */ = {isa = PBXBuildFile; fileRef = 0982EE4D8E6442629B532215 /* libPods.a */; };
/* End PBXBuildFile section */

/* Begin PBXContainerItemProxy section */
		ABD0C67C194F092A00DE91C3 /* PBXContainerItemProxy */ = {
			isa = PBXContainerItemProxy;
			containerPortal = ABD0C663194F092A00DE91C3 /* Project object */;
			proxyType = 1;
			remoteGlobalIDString = ABD0C66A194F092A00DE91C3;
			remoteInfo = HomeWizard;
		};
/* End PBXContainerItemProxy section */

/* Begin PBXFileReference section */
		0982EE4D8E6442629B532215 /* libPods.a */ = {isa = PBXFileReference; explicitFileType = archive.ar; includeInIndex = 0; path = libPods.a; sourceTree = BUILT_PRODUCTS_DIR; };
		AB0DEDFB1950104F007D149C /* HomeWizard.xcdatamodel */ = {isa = PBXFileReference; lastKnownFileType = wrapper.xcdatamodel; path = HomeWizard.xcdatamodel; sourceTree = "<group>"; };
		AB0DEE18195072B2007D149C /* Switch.swift */ = {isa = PBXFileReference; fileEncoding = 4; lastKnownFileType = sourcecode.swift; name = Switch.swift; path = Classes/HomeWizard/Models/Switch.swift; sourceTree = "<group>"; };
		AB0DEE1A195074EC007D149C /* Base.swift */ = {isa = PBXFileReference; fileEncoding = 4; lastKnownFileType = sourcecode.swift; name = Base.swift; path = Classes/HomeWizard/Models/Base.swift; sourceTree = "<group>"; };
		AB0DEE1E19507DCC007D149C /* Dimmer.swift */ = {isa = PBXFileReference; fileEncoding = 4; lastKnownFileType = sourcecode.swift; name = Dimmer.swift; path = Classes/HomeWizard/Models/Dimmer.swift; sourceTree = "<group>"; };
		AB0DEE22195080D3007D149C /* Hue.swift */ = {isa = PBXFileReference; fileEncoding = 4; lastKnownFileType = sourcecode.swift; name = Hue.swift; path = Classes/HomeWizard/Models/Hue.swift; sourceTree = "<group>"; };
		AB0DEE2419509F38007D149C /* Parser.swift */ = {isa = PBXFileReference; fileEncoding = 4; lastKnownFileType = sourcecode.swift; name = Parser.swift; path = Classes/HomeWizard/Parser.swift; sourceTree = "<group>"; };
		AB0DEE271950A22C007D149C /* Base.swift */ = {isa = PBXFileReference; fileEncoding = 4; lastKnownFileType = sourcecode.swift; path = Base.swift; sourceTree = "<group>"; };
		AB0DEE281950A22C007D149C /* Dimmer.swift */ = {isa = PBXFileReference; fileEncoding = 4; lastKnownFileType = sourcecode.swift; path = Dimmer.swift; sourceTree = "<group>"; };
		AB0DEE2A1950A22C007D149C /* HomeWizard.swift */ = {isa = PBXFileReference; fileEncoding = 4; lastKnownFileType = sourcecode.swift; path = HomeWizard.swift; sourceTree = "<group>"; };
		AB0DEE2B1950A22C007D149C /* Hue.swift */ = {isa = PBXFileReference; fileEncoding = 4; lastKnownFileType = sourcecode.swift; path = Hue.swift; sourceTree = "<group>"; };
		AB0DEE2C1950A22C007D149C /* Room.swift */ = {isa = PBXFileReference; fileEncoding = 4; lastKnownFileType = sourcecode.swift; path = Room.swift; sourceTree = "<group>"; };
		AB0DEE2D1950A22C007D149C /* Switch.swift */ = {isa = PBXFileReference; fileEncoding = 4; lastKnownFileType = sourcecode.swift; path = Switch.swift; sourceTree = "<group>"; };
		AB22002F194F11D0005FD23C /* HomeWizard-Bridging-Header.h */ = {isa = PBXFileReference; lastKnownFileType = sourcecode.c.h; path = "HomeWizard-Bridging-Header.h"; sourceTree = "<group>"; };
		AB220030194F124F005FD23C /* Api.swift */ = {isa = PBXFileReference; fileEncoding = 4; lastKnownFileType = sourcecode.swift; name = Api.swift; path = Classes/HomeWizard/Api.swift; sourceTree = "<group>"; };
		ABD0C66B194F092A00DE91C3 /* HomeWizard.app */ = {isa = PBXFileReference; explicitFileType = wrapper.application; includeInIndex = 0; path = HomeWizard.app; sourceTree = BUILT_PRODUCTS_DIR; };
		ABD0C66F194F092A00DE91C3 /* Info.plist */ = {isa = PBXFileReference; lastKnownFileType = text.plist.xml; path = Info.plist; sourceTree = "<group>"; };
		ABD0C670194F092A00DE91C3 /* AppDelegate.swift */ = {isa = PBXFileReference; lastKnownFileType = sourcecode.swift; path = AppDelegate.swift; sourceTree = "<group>"; };
		ABD0C675194F092A00DE91C3 /* Images.xcassets */ = {isa = PBXFileReference; lastKnownFileType = folder.assetcatalog; path = Images.xcassets; sourceTree = "<group>"; };
		ABD0C67B194F092A00DE91C3 /* HomeWizardTests.xctest */ = {isa = PBXFileReference; explicitFileType = wrapper.cfbundle; includeInIndex = 0; path = HomeWizardTests.xctest; sourceTree = BUILT_PRODUCTS_DIR; };
		ABD0C680194F092A00DE91C3 /* Info.plist */ = {isa = PBXFileReference; lastKnownFileType = text.plist.xml; path = Info.plist; sourceTree = "<group>"; };
		ABD0C681194F092A00DE91C3 /* HomeWizardTests.swift */ = {isa = PBXFileReference; lastKnownFileType = sourcecode.swift; path = HomeWizardTests.swift; sourceTree = "<group>"; };
		ABD0C68F194F09D600DE91C3 /* SectionViewController.swift */ = {isa = PBXFileReference; fileEncoding = 4; lastKnownFileType = sourcecode.swift; name = SectionViewController.swift; path = ViewControllers/SectionViewController/SectionViewController.swift; sourceTree = "<group>"; };
		F0B3F779605342D3861EFBC9 /* Pods.xcconfig */ = {isa = PBXFileReference; includeInIndex = 1; lastKnownFileType = text.xcconfig; name = Pods.xcconfig; path = Pods/Pods.xcconfig; sourceTree = "<group>"; };
/* End PBXFileReference section */

/* Begin PBXFrameworksBuildPhase section */
		ABD0C668194F092A00DE91C3 /* Frameworks */ = {
			isa = PBXFrameworksBuildPhase;
			buildActionMask = 2147483647;
			files = (
				E3B3BAD38EA4482B8D96B6C4 /* libPods.a in Frameworks */,
			);
			runOnlyForDeploymentPostprocessing = 0;
		};
		ABD0C678194F092A00DE91C3 /* Frameworks */ = {
			isa = PBXFrameworksBuildPhase;
			buildActionMask = 2147483647;
			files = (
			);
			runOnlyForDeploymentPostprocessing = 0;
		};
/* End PBXFrameworksBuildPhase section */

/* Begin PBXGroup section */
		60F3DF35E87A4ADE9CB41D0E /* Frameworks */ = {
			isa = PBXGroup;
			children = (
				0982EE4D8E6442629B532215 /* libPods.a */,
			);
			name = Frameworks;
			sourceTree = "<group>";
		};
		AB0DEDF91950104E007D149C /* CoreData */ = {
			isa = PBXGroup;
			children = (
				AB0DEE261950A22C007D149C /* Models */,
				AB0DEDFA1950104F007D149C /* HomeWizard.xcdatamodeld */,
			);
			name = CoreData;
			path = Classes/CoreData;
			sourceTree = "<group>";
		};
		AB0DEE171950728A007D149C /* Models */ = {
			isa = PBXGroup;
			children = (
				AB0DEE1A195074EC007D149C /* Base.swift */,
				AB0DEE1E19507DCC007D149C /* Dimmer.swift */,
				AB0DEE18195072B2007D149C /* Switch.swift */,
				AB0DEE22195080D3007D149C /* Hue.swift */,
			);
			name = Models;
			sourceTree = "<group>";
		};
		AB0DEE261950A22C007D149C /* Models */ = {
			isa = PBXGroup;
			children = (
				AB0DEE271950A22C007D149C /* Base.swift */,
				AB0DEE281950A22C007D149C /* Dimmer.swift */,
				AB0DEE291950A22C007D149C /* Entities */,
				AB0DEE2A1950A22C007D149C /* HomeWizard.swift */,
				AB0DEE2B1950A22C007D149C /* Hue.swift */,
				AB0DEE2C1950A22C007D149C /* Room.swift */,
				AB0DEE2D1950A22C007D149C /* Switch.swift */,
			);
			path = Models;
			sourceTree = "<group>";
		};
		AB0DEE291950A22C007D149C /* Entities */ = {
			isa = PBXGroup;
			children = (
			);
			path = Entities;
			sourceTree = "<group>";
		};
		ABD0C662194F092A00DE91C3 = {
			isa = PBXGroup;
			children = (
				ABD0C66D194F092A00DE91C3 /* HomeWizard */,
				ABD0C67E194F092A00DE91C3 /* HomeWizardTests */,
				ABD0C66C194F092A00DE91C3 /* Products */,
				F0B3F779605342D3861EFBC9 /* Pods.xcconfig */,
				60F3DF35E87A4ADE9CB41D0E /* Frameworks */,
			);
			sourceTree = "<group>";
		};
		ABD0C66C194F092A00DE91C3 /* Products */ = {
			isa = PBXGroup;
			children = (
				ABD0C66B194F092A00DE91C3 /* HomeWizard.app */,
				ABD0C67B194F092A00DE91C3 /* HomeWizardTests.xctest */,
			);
			name = Products;
			sourceTree = "<group>";
		};
		ABD0C66D194F092A00DE91C3 /* HomeWizard */ = {
			isa = PBXGroup;
			children = (
				ABD0C691194F0F5900DE91C3 /* Classes */,
				ABD0C68B194F094100DE91C3 /* ViewControllers */,
				ABD0C670194F092A00DE91C3 /* AppDelegate.swift */,
				ABD0C675194F092A00DE91C3 /* Images.xcassets */,
				ABD0C66E194F092A00DE91C3 /* Supporting Files */,
				AB22002F194F11D0005FD23C /* HomeWizard-Bridging-Header.h */,
			);
			path = HomeWizard;
			sourceTree = "<group>";
		};
		ABD0C66E194F092A00DE91C3 /* Supporting Files */ = {
			isa = PBXGroup;
			children = (
				ABD0C66F194F092A00DE91C3 /* Info.plist */,
			);
			name = "Supporting Files";
			sourceTree = "<group>";
		};
		ABD0C67E194F092A00DE91C3 /* HomeWizardTests */ = {
			isa = PBXGroup;
			children = (
				ABD0C681194F092A00DE91C3 /* HomeWizardTests.swift */,
				ABD0C67F194F092A00DE91C3 /* Supporting Files */,
			);
			path = HomeWizardTests;
			sourceTree = "<group>";
		};
		ABD0C67F194F092A00DE91C3 /* Supporting Files */ = {
			isa = PBXGroup;
			children = (
				ABD0C680194F092A00DE91C3 /* Info.plist */,
			);
			name = "Supporting Files";
			sourceTree = "<group>";
		};
		ABD0C68B194F094100DE91C3 /* ViewControllers */ = {
			isa = PBXGroup;
			children = (
				ABD0C68C194F096E00DE91C3 /* SectionViewController */,
			);
			name = ViewControllers;
			sourceTree = "<group>";
		};
		ABD0C68C194F096E00DE91C3 /* SectionViewController */ = {
			isa = PBXGroup;
			children = (
				ABD0C68F194F09D600DE91C3 /* SectionViewController.swift */,
			);
			name = SectionViewController;
			sourceTree = "<group>";
		};
		ABD0C691194F0F5900DE91C3 /* Classes */ = {
			isa = PBXGroup;
			children = (
				AB0DEDF91950104E007D149C /* CoreData */,
				ABD0C692194F0F6000DE91C3 /* HomeWizard */,
			);
			name = Classes;
			sourceTree = "<group>";
		};
		ABD0C692194F0F6000DE91C3 /* HomeWizard */ = {
			isa = PBXGroup;
			children = (
				AB0DEE171950728A007D149C /* Models */,
				AB220030194F124F005FD23C /* Api.swift */,
				AB0DEE2419509F38007D149C /* Parser.swift */,
			);
			name = HomeWizard;
			sourceTree = "<group>";
		};
/* End PBXGroup section */

/* Begin PBXNativeTarget section */
		ABD0C66A194F092A00DE91C3 /* HomeWizard */ = {
			isa = PBXNativeTarget;
			buildConfigurationList = ABD0C685194F092A00DE91C3 /* Build configuration list for PBXNativeTarget "HomeWizard" */;
			buildPhases = (
				1E9AB2FEFA8349FEA7992DE4 /* Check Pods Manifest.lock */,
				ABD0C667194F092A00DE91C3 /* Sources */,
				ABD0C668194F092A00DE91C3 /* Frameworks */,
				ABD0C669194F092A00DE91C3 /* Resources */,
				475B39169A4E4EA8BA4654DC /* Copy Pods Resources */,
			);
			buildRules = (
			);
			dependencies = (
			);
			name = HomeWizard;
			productName = HomeWizard;
			productReference = ABD0C66B194F092A00DE91C3 /* HomeWizard.app */;
			productType = "com.apple.product-type.application";
		};
		ABD0C67A194F092A00DE91C3 /* HomeWizardTests */ = {
			isa = PBXNativeTarget;
			buildConfigurationList = ABD0C688194F092A00DE91C3 /* Build configuration list for PBXNativeTarget "HomeWizardTests" */;
			buildPhases = (
				ABD0C677194F092A00DE91C3 /* Sources */,
				ABD0C678194F092A00DE91C3 /* Frameworks */,
				ABD0C679194F092A00DE91C3 /* Resources */,
			);
			buildRules = (
			);
			dependencies = (
				ABD0C67D194F092A00DE91C3 /* PBXTargetDependency */,
			);
			name = HomeWizardTests;
			productName = HomeWizardTests;
			productReference = ABD0C67B194F092A00DE91C3 /* HomeWizardTests.xctest */;
			productType = "com.apple.product-type.bundle.unit-test";
		};
/* End PBXNativeTarget section */

/* Begin PBXProject section */
		ABD0C663194F092A00DE91C3 /* Project object */ = {
			isa = PBXProject;
			attributes = {
				LastUpgradeCheck = 0600;
				ORGANIZATIONNAME = "Sorted Bits";
				TargetAttributes = {
					ABD0C66A194F092A00DE91C3 = {
						CreatedOnToolsVersion = 6.0;
					};
					ABD0C67A194F092A00DE91C3 = {
						CreatedOnToolsVersion = 6.0;
						TestTargetID = ABD0C66A194F092A00DE91C3;
					};
				};
			};
			buildConfigurationList = ABD0C666194F092A00DE91C3 /* Build configuration list for PBXProject "HomeWizard" */;
			compatibilityVersion = "Xcode 3.2";
			developmentRegion = English;
			hasScannedForEncodings = 0;
			knownRegions = (
				en,
			);
			mainGroup = ABD0C662194F092A00DE91C3;
			productRefGroup = ABD0C66C194F092A00DE91C3 /* Products */;
			projectDirPath = "";
			projectRoot = "";
			targets = (
				ABD0C66A194F092A00DE91C3 /* HomeWizard */,
				ABD0C67A194F092A00DE91C3 /* HomeWizardTests */,
			);
		};
/* End PBXProject section */

/* Begin PBXResourcesBuildPhase section */
		ABD0C669194F092A00DE91C3 /* Resources */ = {
			isa = PBXResourcesBuildPhase;
			buildActionMask = 2147483647;
			files = (
				ABD0C676194F092A00DE91C3 /* Images.xcassets in Resources */,
			);
			runOnlyForDeploymentPostprocessing = 0;
		};
		ABD0C679194F092A00DE91C3 /* Resources */ = {
			isa = PBXResourcesBuildPhase;
			buildActionMask = 2147483647;
			files = (
			);
			runOnlyForDeploymentPostprocessing = 0;
		};
/* End PBXResourcesBuildPhase section */

/* Begin PBXShellScriptBuildPhase section */
		1E9AB2FEFA8349FEA7992DE4 /* Check Pods Manifest.lock */ = {
			isa = PBXShellScriptBuildPhase;
			buildActionMask = 2147483647;
			files = (
			);
			inputPaths = (
			);
			name = "Check Pods Manifest.lock";
			outputPaths = (
			);
			runOnlyForDeploymentPostprocessing = 0;
			shellPath = /bin/sh;
			shellScript = "diff \"${PODS_ROOT}/../Podfile.lock\" \"${PODS_ROOT}/Manifest.lock\" > /dev/null\nif [[ $? != 0 ]] ; then\n    cat << EOM\nerror: The sandbox is not in sync with the Podfile.lock. Run 'pod install' or update your CocoaPods installation.\nEOM\n    exit 1\nfi\n";
			showEnvVarsInLog = 0;
		};
		475B39169A4E4EA8BA4654DC /* Copy Pods Resources */ = {
			isa = PBXShellScriptBuildPhase;
			buildActionMask = 2147483647;
			files = (
			);
			inputPaths = (
			);
			name = "Copy Pods Resources";
			outputPaths = (
			);
			runOnlyForDeploymentPostprocessing = 0;
			shellPath = /bin/sh;
			shellScript = "\"${SRCROOT}/Pods/Pods-resources.sh\"\n";
			showEnvVarsInLog = 0;
		};
/* End PBXShellScriptBuildPhase section */

/* Begin PBXSourcesBuildPhase section */
		ABD0C667194F092A00DE91C3 /* Sources */ = {
			isa = PBXSourcesBuildPhase;
			buildActionMask = 2147483647;
			files = (
				AB0DEE2F1950A22C007D149C /* Dimmer.swift in Sources */,
				AB0DEE301950A22C007D149C /* HomeWizard.swift in Sources */,
				AB0DEE321950A22C007D149C /* Room.swift in Sources */,
				ABD0C690194F09D600DE91C3 /* SectionViewController.swift in Sources */,
				AB0DEE2519509F38007D149C /* Parser.swift in Sources */,
				AB0DEE2E1950A22C007D149C /* Base.swift in Sources */,
				AB0DEDFC1950104F007D149C /* HomeWizard.xcdatamodeld in Sources */,
				AB0DEE311950A22C007D149C /* Hue.swift in Sources */,
				AB0DEE1B195074EC007D149C /* Base.swift in Sources */,
				AB0DEE331950A22C007D149C /* Switch.swift in Sources */,
				AB0DEE19195072B2007D149C /* Switch.swift in Sources */,
				ABD0C671194F092A00DE91C3 /* AppDelegate.swift in Sources */,
				AB0DEE23195080D3007D149C /* Hue.swift in Sources */,
				AB0DEE1F19507DCC007D149C /* Dimmer.swift in Sources */,
				AB220031194F124F005FD23C /* Api.swift in Sources */,
			);
			runOnlyForDeploymentPostprocessing = 0;
		};
		ABD0C677194F092A00DE91C3 /* Sources */ = {
			isa = PBXSourcesBuildPhase;
			buildActionMask = 2147483647;
			files = (
				ABD0C682194F092A00DE91C3 /* HomeWizardTests.swift in Sources */,
			);
			runOnlyForDeploymentPostprocessing = 0;
		};
/* End PBXSourcesBuildPhase section */

/* Begin PBXTargetDependency section */
		ABD0C67D194F092A00DE91C3 /* PBXTargetDependency */ = {
			isa = PBXTargetDependency;
			target = ABD0C66A194F092A00DE91C3 /* HomeWizard */;
			targetProxy = ABD0C67C194F092A00DE91C3 /* PBXContainerItemProxy */;
		};
/* End PBXTargetDependency section */

/* Begin XCBuildConfiguration section */
		ABD0C683194F092A00DE91C3 /* Debug */ = {
			isa = XCBuildConfiguration;
			buildSettings = {
				ALWAYS_SEARCH_USER_PATHS = NO;
				CLANG_CXX_LANGUAGE_STANDARD = "gnu++0x";
				CLANG_CXX_LIBRARY = "libc++";
				CLANG_ENABLE_MODULES = YES;
				CLANG_ENABLE_OBJC_ARC = YES;
				CLANG_WARN_BOOL_CONVERSION = YES;
				CLANG_WARN_CONSTANT_CONVERSION = YES;
				CLANG_WARN_DIRECT_OBJC_ISA_USAGE = YES_ERROR;
				CLANG_WARN_EMPTY_BODY = YES;
				CLANG_WARN_ENUM_CONVERSION = YES;
				CLANG_WARN_INT_CONVERSION = YES;
				CLANG_WARN_OBJC_ROOT_CLASS = YES_ERROR;
				CLANG_WARN_UNREACHABLE_CODE = YES;
				CLANG_WARN__DUPLICATE_METHOD_MATCH = YES;
				"CODE_SIGN_IDENTITY[sdk=iphoneos*]" = "iPhone Developer";
				COPY_PHASE_STRIP = NO;
				ENABLE_STRICT_OBJC_MSGSEND = YES;
				GCC_C_LANGUAGE_STANDARD = gnu99;
				GCC_DYNAMIC_NO_PIC = NO;
				GCC_OPTIMIZATION_LEVEL = 0;
				GCC_PREPROCESSOR_DEFINITIONS = (
					"DEBUG=1",
					"$(inherited)",
				);
				GCC_SYMBOLS_PRIVATE_EXTERN = NO;
				GCC_WARN_64_TO_32_BIT_CONVERSION = YES;
				GCC_WARN_ABOUT_RETURN_TYPE = YES_ERROR;
				GCC_WARN_UNDECLARED_SELECTOR = YES;
				GCC_WARN_UNINITIALIZED_AUTOS = YES_AGGRESSIVE;
				GCC_WARN_UNUSED_FUNCTION = YES;
				GCC_WARN_UNUSED_VARIABLE = YES;
				IPHONEOS_DEPLOYMENT_TARGET = 8.0;
				METAL_ENABLE_DEBUG_INFO = YES;
				ONLY_ACTIVE_ARCH = YES;
				SDKROOT = iphoneos;
				SWIFT_OPTIMIZATION_LEVEL = "-Onone";
				TARGETED_DEVICE_FAMILY = 2;
			};
			name = Debug;
		};
		ABD0C684194F092A00DE91C3 /* Release */ = {
			isa = XCBuildConfiguration;
			buildSettings = {
				ALWAYS_SEARCH_USER_PATHS = NO;
				CLANG_CXX_LANGUAGE_STANDARD = "gnu++0x";
				CLANG_CXX_LIBRARY = "libc++";
				CLANG_ENABLE_MODULES = YES;
				CLANG_ENABLE_OBJC_ARC = YES;
				CLANG_WARN_BOOL_CONVERSION = YES;
				CLANG_WARN_CONSTANT_CONVERSION = YES;
				CLANG_WARN_DIRECT_OBJC_ISA_USAGE = YES_ERROR;
				CLANG_WARN_EMPTY_BODY = YES;
				CLANG_WARN_ENUM_CONVERSION = YES;
				CLANG_WARN_INT_CONVERSION = YES;
				CLANG_WARN_OBJC_ROOT_CLASS = YES_ERROR;
				CLANG_WARN_UNREACHABLE_CODE = YES;
				CLANG_WARN__DUPLICATE_METHOD_MATCH = YES;
				"CODE_SIGN_IDENTITY[sdk=iphoneos*]" = "iPhone Developer";
				COPY_PHASE_STRIP = YES;
				ENABLE_NS_ASSERTIONS = NO;
				ENABLE_STRICT_OBJC_MSGSEND = YES;
				GCC_C_LANGUAGE_STANDARD = gnu99;
				GCC_WARN_64_TO_32_BIT_CONVERSION = YES;
				GCC_WARN_ABOUT_RETURN_TYPE = YES_ERROR;
				GCC_WARN_UNDECLARED_SELECTOR = YES;
				GCC_WARN_UNINITIALIZED_AUTOS = YES_AGGRESSIVE;
				GCC_WARN_UNUSED_FUNCTION = YES;
				GCC_WARN_UNUSED_VARIABLE = YES;
				IPHONEOS_DEPLOYMENT_TARGET = 8.0;
				METAL_ENABLE_DEBUG_INFO = NO;
				SDKROOT = iphoneos;
				TARGETED_DEVICE_FAMILY = 2;
				VALIDATE_PRODUCT = YES;
			};
			name = Release;
		};
		ABD0C686194F092A00DE91C3 /* Debug */ = {
			isa = XCBuildConfiguration;
			baseConfigurationReference = F0B3F779605342D3861EFBC9 /* Pods.xcconfig */;
			buildSettings = {
				ASSETCATALOG_COMPILER_APPICON_NAME = AppIcon;
				ASSETCATALOG_COMPILER_LAUNCHIMAGE_NAME = LaunchImage;
				INFOPLIST_FILE = HomeWizard/Info.plist;
				LD_RUNPATH_SEARCH_PATHS = "$(inherited) @executable_path/Frameworks";
				PRODUCT_NAME = "$(TARGET_NAME)";
				SWIFT_OBJC_BRIDGING_HEADER = "HomeWizard/HomeWizard-Bridging-Header.h";
			};
			name = Debug;
		};
		ABD0C687194F092A00DE91C3 /* Release */ = {
			isa = XCBuildConfiguration;
			baseConfigurationReference = F0B3F779605342D3861EFBC9 /* Pods.xcconfig */;
			buildSettings = {
				ASSETCATALOG_COMPILER_APPICON_NAME = AppIcon;
				ASSETCATALOG_COMPILER_LAUNCHIMAGE_NAME = LaunchImage;
				INFOPLIST_FILE = HomeWizard/Info.plist;
				LD_RUNPATH_SEARCH_PATHS = "$(inherited) @executable_path/Frameworks";
				PRODUCT_NAME = "$(TARGET_NAME)";
				SWIFT_OBJC_BRIDGING_HEADER = "HomeWizard/HomeWizard-Bridging-Header.h";
			};
			name = Release;
		};
		ABD0C689194F092A00DE91C3 /* Debug */ = {
			isa = XCBuildConfiguration;
			buildSettings = {
				BUNDLE_LOADER = "$(BUILT_PRODUCTS_DIR)/HomeWizard.app/HomeWizard";
				FRAMEWORK_SEARCH_PATHS = (
					"$(SDKROOT)/Developer/Library/Frameworks",
					"$(inherited)",
				);
				GCC_PREPROCESSOR_DEFINITIONS = (
					"DEBUG=1",
					"$(inherited)",
				);
				INFOPLIST_FILE = HomeWizardTests/Info.plist;
				LD_RUNPATH_SEARCH_PATHS = "$(inherited) @executable_path/Frameworks @loader_path/Frameworks";
				METAL_ENABLE_DEBUG_INFO = YES;
				PRODUCT_NAME = "$(TARGET_NAME)";
				TEST_HOST = "$(BUNDLE_LOADER)";
			};
			name = Debug;
		};
		ABD0C68A194F092A00DE91C3 /* Release */ = {
			isa = XCBuildConfiguration;
			buildSettings = {
				BUNDLE_LOADER = "$(BUILT_PRODUCTS_DIR)/HomeWizard.app/HomeWizard";
				FRAMEWORK_SEARCH_PATHS = (
					"$(SDKROOT)/Developer/Library/Frameworks",
					"$(inherited)",
				);
				INFOPLIST_FILE = HomeWizardTests/Info.plist;
				LD_RUNPATH_SEARCH_PATHS = "$(inherited) @executable_path/Frameworks @loader_path/Frameworks";
				METAL_ENABLE_DEBUG_INFO = NO;
				PRODUCT_NAME = "$(TARGET_NAME)";
				TEST_HOST = "$(BUNDLE_LOADER)";
			};
			name = Release;
		};
/* End XCBuildConfiguration section */

/* Begin XCConfigurationList section */
		ABD0C666194F092A00DE91C3 /* Build configuration list for PBXProject "HomeWizard" */ = {
			isa = XCConfigurationList;
			buildConfigurations = (
				ABD0C683194F092A00DE91C3 /* Debug */,
				ABD0C684194F092A00DE91C3 /* Release */,
			);
			defaultConfigurationIsVisible = 0;
			defaultConfigurationName = Release;
		};
		ABD0C685194F092A00DE91C3 /* Build configuration list for PBXNativeTarget "HomeWizard" */ = {
			isa = XCConfigurationList;
			buildConfigurations = (
				ABD0C686194F092A00DE91C3 /* Debug */,
				ABD0C687194F092A00DE91C3 /* Release */,
			);
			defaultConfigurationIsVisible = 0;
			defaultConfigurationName = Release;
		};
		ABD0C688194F092A00DE91C3 /* Build configuration list for PBXNativeTarget "HomeWizardTests" */ = {
			isa = XCConfigurationList;
			buildConfigurations = (
				ABD0C689194F092A00DE91C3 /* Debug */,
				ABD0C68A194F092A00DE91C3 /* Release */,
			);
			defaultConfigurationIsVisible = 0;
			defaultConfigurationName = Release;
		};
/* End XCConfigurationList section */

/* Begin XCVersionGroup section */
		AB0DEDFA1950104F007D149C /* HomeWizard.xcdatamodeld */ = {
			isa = XCVersionGroup;
			children = (
				AB0DEDFB1950104F007D149C /* HomeWizard.xcdatamodel */,
			);
			currentVersion = AB0DEDFB1950104F007D149C /* HomeWizard.xcdatamodel */;
			path = HomeWizard.xcdatamodeld;
			sourceTree = "<group>";
			versionGroupType = wrapper.xcdatamodel;
		};
/* End XCVersionGroup section */
	};
	rootObject = ABD0C663194F092A00DE91C3 /* Project object */;
}
